github.com/go-sql-driver/mysql v1.6.0 h1:BCTh4TKNUYmOmMUcQ3IipzF5prigylS7XXjEkfCHuOE=
github.com/go-sql-driver/mysql v1.6.0/go.mod h1:DCzpHaOWr8IXmIStZouvnhqoel9Qv2LBy8hT2VhHyBg=
golang.org/x/exp v0.0.0-20221019170559-20944726eadf h1:nFVjjKDgNY37+ZSYCJmtYf7tOlfQswHqplG2eosjOMg=
golang.org/x/exp v0.0.0-20221019170559-20944726eadf/go.mod h1:cyybsKvd6eL0RnXn6p/Grxp8F5bW7iYuBgsNCOHpMYE=
